
Microsoft Visual Studio Solution File, Format Version 12.00
# Visual Studio Version 17
VisualStudioVersion = 17.6.33829.357
MinimumVisualStudioVersion = 10.0.40219.1
Project("{FAE04EC0-301F-11D3-BF4B-00C04F79EFBC}") = "FactoryAPI", "FactoryAPI\FactoryAPI.csproj", "{61C89116-40B4-4A7F-BDC2-5D66F9515EE4}"
EndProject
Project("{00D1A9C2-B5F0-4AF3-8072-F6C62B433612}") = "FactoryDatabase", "FactoryDatabase\FactoryDatabase.sqlproj", "{1D168527-FBA5-4F0D-A96C-61AFF26CA66C}"
EndProject
Global
	GlobalSection(SolutionConfigurationPlatforms) = preSolution
		Debug|Any CPU = Debug|Any CPU
		Release|Any CPU = Release|Any CPU
	EndGlobalSection
	GlobalSection(ProjectConfigurationPlatforms) = postSolution
		{61C89116-40B4-4A7F-BDC2-5D66F9515EE4}.Debug|Any CPU.ActiveCfg = Debug|Any CPU
		{61C89116-40B4-4A7F-BDC2-5D66F9515EE4}.Debug|Any CPU.Build.0 = Debug|Any CPU
		{61C89116-40B4-4A7F-BDC2-5D66F9515EE4}.Release|Any CPU.ActiveCfg = Release|Any CPU
		{61C89116-40B4-4A7F-BDC2-5D66F9515EE4}.Release|Any CPU.Build.0 = Release|Any CPU
		{1D168527-FBA5-4F0D-A96C-61AFF26CA66C}.Debug|Any CPU.ActiveCfg = Debug|Any CPU
		{1D168527-FBA5-4F0D-A96C-61AFF26CA66C}.Debug|Any CPU.Build.0 = Debug|Any CPU
		{1D168527-FBA5-4F0D-A96C-61AFF26CA66C}.Debug|Any CPU.Deploy.0 = Debug|Any CPU
		{1D168527-FBA5-4F0D-A96C-61AFF26CA66C}.Release|Any CPU.ActiveCfg = Release|Any CPU
		{1D168527-FBA5-4F0D-A96C-61AFF26CA66C}.Release|Any CPU.Build.0 = Release|Any CPU
		{1D168527-FBA5-4F0D-A96C-61AFF26CA66C}.Release|Any CPU.Deploy.0 = Release|Any CPU
	EndGlobalSection
	GlobalSection(SolutionProperties) = preSolution
		HideSolutionNode = FALSE
	EndGlobalSection
	GlobalSection(ExtensibilityGlobals) = postSolution
		SolutionGuid = {2EC39AEC-9117-4626-ABB5-BF38F48D5A24}
	EndGlobalSection
EndGlobal
